Microsoft Visual Studio Solution File, Format Version 12.00
# Visual Studio Version 17
VisualStudioVersion = 17.5.2.0
MinimumVisualStudioVersion = 10.0.40219.1
Project("{2150E333-8FDC-42A3-9474-1A3956D46DE8}") = "src", "src", "{827E0CD3-B72D-47B6-A68D-7590B98EB39B}"
EndProject
Project("{2150E333-8FDC-42A3-9474-1A3956D46DE8}") = "tests", "tests", "{0AB3BF05-4346-4AA6-1389-037BE0695223}"
EndProject
Project("{FAE04EC0-301F-11D3-BF4B-00C04F79EFBC}") = "MarketNest.Admin", "src\MarketNest.Admin\MarketNest.Admin.csproj", "{0D83350D-FD67-0988-F72E-A177A4C665E5}"
EndProject
Project("{FAE04EC0-301F-11D3-BF4B-00C04F79EFBC}") = "MarketNest.Cart", "src\MarketNest.Cart\MarketNest.Cart.csproj", "{3ADD120E-8D0B-DC11-C6D5-9D1F5734D794}"
EndProject
Project("{FAE04EC0-301F-11D3-BF4B-00C04F79EFBC}") = "MarketNest.Catalog", "src\MarketNest.Catalog\MarketNest.Catalog.csproj", "{FA731462-0D18-AF30-64CF-C42428CFC174}"
EndProject
Project("{FAE04EC0-301F-11D3-BF4B-00C04F79EFBC}") = "MarketNest.Core", "src\MarketNest.Core\MarketNest.Core.csproj", "{D7A508AD-685C-A7AE-C969-558C863D4CB2}"
EndProject
Project("{FAE04EC0-301F-11D3-BF4B-00C04F79EFBC}") = "MarketNest.Disputes", "src\MarketNest.Disputes\MarketNest.Disputes.csproj", "{66F7FF39-7624-C9A4-7DEF-2DBE2F42027B}"
EndProject
Project("{FAE04EC0-301F-11D3-BF4B-00C04F79EFBC}") = "MarketNest.Identity", "src\MarketNest.Identity\MarketNest.Identity.csproj", "{5DF9D877-DAAE-EF41-1C0B-3492FC7C9E03}"
EndProject
Project("{FAE04EC0-301F-11D3-BF4B-00C04F79EFBC}") = "MarketNest.Notifications", "src\MarketNest.Notifications\MarketNest.Notifications.csproj", "{38F02A3F-DD6E-BA62-3D69-55EB334E93E5}"
EndProject
Project("{FAE04EC0-301F-11D3-BF4B-00C04F79EFBC}") = "MarketNest.Orders", "src\MarketNest.Orders\MarketNest.Orders.csproj", "{F145392D-E4F0-71D6-7147-B138B624A87C}"
EndProject
Project("{FAE04EC0-301F-11D3-BF4B-00C04F79EFBC}") = "MarketNest.Payments", "src\MarketNest.Payments\MarketNest.Payments.csproj", "{A5A4A0B4-02AE-3ED5-7553-068BA8393103}"
EndProject
Project("{FAE04EC0-301F-11D3-BF4B-00C04F79EFBC}") = "MarketNest.Reviews", "src\MarketNest.Reviews\MarketNest.Reviews.csproj", "{E3A51BD0-015B-2794-5AA8-E513C0F964A7}"
EndProject
Project("{FAE04EC0-301F-11D3-BF4B-00C04F79EFBC}") = "MarketNest.Web", "src\MarketNest.Web\MarketNest.Web.csproj", "{1CBFE4C9-7490-419C-9CB6-010E6DF53F61}"
EndProject
Project("{FAE04EC0-301F-11D3-BF4B-00C04F79EFBC}") = "MarketNest.ArchitectureTests", "tests\MarketNest.ArchitectureTests\MarketNest.ArchitectureTests.csproj", "{C63A2196-37E9-93CB-37EF-2E70D37754E0}"
EndProject
Project("{FAE04EC0-301F-11D3-BF4B-00C04F79EFBC}") = "MarketNest.IntegrationTests", "tests\MarketNest.IntegrationTests\MarketNest.IntegrationTests.csproj", "{EA3F312A-4956-8858-F20D-6FA889CEACE7}"
EndProject
Project("{FAE04EC0-301F-11D3-BF4B-00C04F79EFBC}") = "MarketNest.UnitTests", "tests\MarketNest.UnitTests\MarketNest.UnitTests.csproj", "{6722E7C2-C2D6-60DC-20FB-0732125ECF41}"
EndProject
Global
	GlobalSection(SolutionConfigurationPlatforms) = preSolution
		Debug|Any CPU = Debug|Any CPU
		Release|Any CPU = Release|Any CPU
	EndGlobalSection
	GlobalSection(ProjectConfigurationPlatforms) = postSolution
		{0D83350D-FD67-0988-F72E-A177A4C665E5}.Debug|Any CPU.ActiveCfg = Debug|Any CPU
		{0D83350D-FD67-0988-F72E-A177A4C665E5}.Debug|Any CPU.Build.0 = Debug|Any CPU
		{0D83350D-FD67-0988-F72E-A177A4C665E5}.Release|Any CPU.ActiveCfg = Release|Any CPU
		{0D83350D-FD67-0988-F72E-A177A4C665E5}.Release|Any CPU.Build.0 = Release|Any CPU
		{3ADD120E-8D0B-DC11-C6D5-9D1F5734D794}.Debug|Any CPU.ActiveCfg = Debug|Any CPU
		{3ADD120E-8D0B-DC11-C6D5-9D1F5734D794}.Debug|Any CPU.Build.0 = Debug|Any CPU
		{3ADD120E-8D0B-DC11-C6D5-9D1F5734D794}.Release|Any CPU.ActiveCfg = Release|Any CPU
		{3ADD120E-8D0B-DC11-C6D5-9D1F5734D794}.Release|Any CPU.Build.0 = Release|Any CPU
		{FA731462-0D18-AF30-64CF-C42428CFC174}.Debug|Any CPU.ActiveCfg = Debug|Any CPU
		{FA731462-0D18-AF30-64CF-C42428CFC174}.Debug|Any CPU.Build.0 = Debug|Any CPU
		{FA731462-0D18-AF30-64CF-C42428CFC174}.Release|Any CPU.ActiveCfg = Release|Any CPU
		{FA731462-0D18-AF30-64CF-C42428CFC174}.Release|Any CPU.Build.0 = Release|Any CPU
		{D7A508AD-685C-A7AE-C969-558C863D4CB2}.Debug|Any CPU.ActiveCfg = Debug|Any CPU
		{D7A508AD-685C-A7AE-C969-558C863D4CB2}.Debug|Any CPU.Build.0 = Debug|Any CPU
		{D7A508AD-685C-A7AE-C969-558C863D4CB2}.Release|Any CPU.ActiveCfg = Release|Any CPU
		{D7A508AD-685C-A7AE-C969-558C863D4CB2}.Release|Any CPU.Build.0 = Release|Any CPU
		{66F7FF39-7624-C9A4-7DEF-2DBE2F42027B}.Debug|Any CPU.ActiveCfg = Debug|Any CPU
		{66F7FF39-7624-C9A4-7DEF-2DBE2F42027B}.Debug|Any CPU.Build.0 = Debug|Any CPU
		{66F7FF39-7624-C9A4-7DEF-2DBE2F42027B}.Release|Any CPU.ActiveCfg = Release|Any CPU
		{66F7FF39-7624-C9A4-7DEF-2DBE2F42027B}.Release|Any CPU.Build.0 = Release|Any CPU
		{5DF9D877-DAAE-EF41-1C0B-3492FC7C9E03}.Debug|Any CPU.ActiveCfg = Debug|Any CPU
		{5DF9D877-DAAE-EF41-1C0B-3492FC7C9E03}.Debug|Any CPU.Build.0 = Debug|Any CPU
		{5DF9D877-DAAE-EF41-1C0B-3492FC7C9E03}.Release|Any CPU.ActiveCfg = Release|Any CPU
		{5DF9D877-DAAE-EF41-1C0B-3492FC7C9E03}.Release|Any CPU.Build.0 = Release|Any CPU
		{38F02A3F-DD6E-BA62-3D69-55EB334E93E5}.Debug|Any CPU.ActiveCfg = Debug|Any CPU
		{38F02A3F-DD6E-BA62-3D69-55EB334E93E5}.Debug|Any CPU.Build.0 = Debug|Any CPU
		{38F02A3F-DD6E-BA62-3D69-55EB334E93E5}.Release|Any CPU.ActiveCfg = Release|Any CPU
		{38F02A3F-DD6E-BA62-3D69-55EB334E93E5}.Release|Any CPU.Build.0 = Release|Any CPU
		{F145392D-E4F0-71D6-7147-B138B624A87C}.Debug|Any CPU.ActiveCfg = Debug|Any CPU
		{F145392D-E4F0-71D6-7147-B138B624A87C}.Debug|Any CPU.Build.0 = Debug|Any CPU
		{F145392D-E4F0-71D6-7147-B138B624A87C}.Release|Any CPU.ActiveCfg = Release|Any CPU
		{F145392D-E4F0-71D6-7147-B138B624A87C}.Release|Any CPU.Build.0 = Release|Any CPU
		{A5A4A0B4-02AE-3ED5-7553-068BA8393103}.Debug|Any CPU.ActiveCfg = Debug|Any CPU
		{A5A4A0B4-02AE-3ED5-7553-068BA8393103}.Debug|Any CPU.Build.0 = Debug|Any CPU
		{A5A4A0B4-02AE-3ED5-7553-068BA8393103}.Release|Any CPU.ActiveCfg = Release|Any CPU
		{A5A4A0B4-02AE-3ED5-7553-068BA8393103}.Release|Any CPU.Build.0 = Release|Any CPU
		{E3A51BD0-015B-2794-5AA8-E513C0F964A7}.Debug|Any CPU.ActiveCfg = Debug|Any CPU
		{E3A51BD0-015B-2794-5AA8-E513C0F964A7}.Debug|Any CPU.Build.0 = Debug|Any CPU
		{E3A51BD0-015B-2794-5AA8-E513C0F964A7}.Release|Any CPU.ActiveCfg = Release|Any CPU
		{E3A51BD0-015B-2794-5AA8-E513C0F964A7}.Release|Any CPU.Build.0 = Release|Any CPU
		{1CBFE4C9-7490-419C-9CB6-010E6DF53F61}.Debug|Any CPU.ActiveCfg = Debug|Any CPU
		{1CBFE4C9-7490-419C-9CB6-010E6DF53F61}.Debug|Any CPU.Build.0 = Debug|Any CPU
		{1CBFE4C9-7490-419C-9CB6-010E6DF53F61}.Release|Any CPU.ActiveCfg = Release|Any CPU
		{1CBFE4C9-7490-419C-9CB6-010E6DF53F61}.Release|Any CPU.Build.0 = Release|Any CPU
		{C63A2196-37E9-93CB-37EF-2E70D37754E0}.Debug|Any CPU.ActiveCfg = Debug|Any CPU
		{C63A2196-37E9-93CB-37EF-2E70D37754E0}.Debug|Any CPU.Build.0 = Debug|Any CPU
		{C63A2196-37E9-93CB-37EF-2E70D37754E0}.Release|Any CPU.ActiveCfg = Release|Any CPU
		{C63A2196-37E9-93CB-37EF-2E70D37754E0}.Release|Any CPU.Build.0 = Release|Any CPU
		{EA3F312A-4956-8858-F20D-6FA889CEACE7}.Debug|Any CPU.ActiveCfg = Debug|Any CPU
		{EA3F312A-4956-8858-F20D-6FA889CEACE7}.Debug|Any CPU.Build.0 = Debug|Any CPU
		{EA3F312A-4956-8858-F20D-6FA889CEACE7}.Release|Any CPU.ActiveCfg = Release|Any CPU
		{EA3F312A-4956-8858-F20D-6FA889CEACE7}.Release|Any CPU.Build.0 = Release|Any CPU
		{6722E7C2-C2D6-60DC-20FB-0732125ECF41}.Debug|Any CPU.ActiveCfg = Debug|Any CPU
		{6722E7C2-C2D6-60DC-20FB-0732125ECF41}.Debug|Any CPU.Build.0 = Debug|Any CPU
		{6722E7C2-C2D6-60DC-20FB-0732125ECF41}.Release|Any CPU.ActiveCfg = Release|Any CPU
		{6722E7C2-C2D6-60DC-20FB-0732125ECF41}.Release|Any CPU.Build.0 = Release|Any CPU
	EndGlobalSection
	GlobalSection(SolutionProperties) = preSolution
		HideSolutionNode = FALSE
	EndGlobalSection
	GlobalSection(NestedProjects) = preSolution
		{0D83350D-FD67-0988-F72E-A177A4C665E5} = {827E0CD3-B72D-47B6-A68D-7590B98EB39B}
		{3ADD120E-8D0B-DC11-C6D5-9D1F5734D794} = {827E0CD3-B72D-47B6-A68D-7590B98EB39B}
		{FA731462-0D18-AF30-64CF-C42428CFC174} = {827E0CD3-B72D-47B6-A68D-7590B98EB39B}
		{D7A508AD-685C-A7AE-C969-558C863D4CB2} = {827E0CD3-B72D-47B6-A68D-7590B98EB39B}
		{66F7FF39-7624-C9A4-7DEF-2DBE2F42027B} = {827E0CD3-B72D-47B6-A68D-7590B98EB39B}
		{5DF9D877-DAAE-EF41-1C0B-3492FC7C9E03} = {827E0CD3-B72D-47B6-A68D-7590B98EB39B}
		{38F02A3F-DD6E-BA62-3D69-55EB334E93E5} = {827E0CD3-B72D-47B6-A68D-7590B98EB39B}
		{F145392D-E4F0-71D6-7147-B138B624A87C} = {827E0CD3-B72D-47B6-A68D-7590B98EB39B}
		{A5A4A0B4-02AE-3ED5-7553-068BA8393103} = {827E0CD3-B72D-47B6-A68D-7590B98EB39B}
		{E3A51BD0-015B-2794-5AA8-E513C0F964A7} = {827E0CD3-B72D-47B6-A68D-7590B98EB39B}
		{1CBFE4C9-7490-419C-9CB6-010E6DF53F61} = {827E0CD3-B72D-47B6-A68D-7590B98EB39B}
		{C63A2196-37E9-93CB-37EF-2E70D37754E0} = {0AB3BF05-4346-4AA6-1389-037BE0695223}
		{EA3F312A-4956-8858-F20D-6FA889CEACE7} = {0AB3BF05-4346-4AA6-1389-037BE0695223}
		{6722E7C2-C2D6-60DC-20FB-0732125ECF41} = {0AB3BF05-4346-4AA6-1389-037BE0695223}
	EndGlobalSection
	GlobalSection(ExtensibilityGlobals) = postSolution
		SolutionGuid = {902A23E1-4C96-49E1-8426-E06C8FA271D0}
	EndGlobalSection
EndGlobal
